// !$*UTF8*$!
{
	archiveVersion = 1;
	classes = {
	};
	objectVersion = 46;
	objects = {

/* Begin PBXBuildFile section */
		048F31031E433ECB007B579D /* AppDelegate.swift in Sources */ = {isa = PBXBuildFile; fileRef = 048F31021E433ECB007B579D /* AppDelegate.swift */; };
		048F31051E433ECB007B579D /* ViewController.swift in Sources */ = {isa = PBXBuildFile; fileRef = 048F31041E433ECB007B579D /* ViewController.swift */; };
		048F31081E433ECB007B579D /* Main.storyboard in Resources */ = {isa = PBXBuildFile; fileRef = 048F31061E433ECB007B579D /* Main.storyboard */; };
		048F310A1E433ECB007B579D /* Assets.xcassets in Resources */ = {isa = PBXBuildFile; fileRef = 048F31091E433ECB007B579D /* Assets.xcassets */; };
		048F310D1E433ECB007B579D /* LaunchScreen.storyboard in Resources */ = {isa = PBXBuildFile; fileRef = 048F310B1E433ECB007B579D /* LaunchScreen.storyboard */; };
/* End PBXBuildFile section */

/* Begin PBXFileReference section */
		048F30FF1E433ECB007B579D /* StepByStepRegister.app */ = {isa = PBXFileReference; explicitFileType = wrapper.application; includeInIndex = 0; path = StepByStepRegister.app; sourceTree = BUILT_PRODUCTS_DIR; };
		048F31021E433ECB007B579D /* AppDelegate.swift */ = {isa = PBXFileReference; lastKnownFileType = sourcecode.swift; path = AppDelegate.swift; sourceTree = "<group>"; };
		048F31041E433ECB007B579D /* ViewController.swift */ = {isa = PBXFileReference; lastKnownFileType = sourcecode.swift; path = ViewController.swift; sourceTree = "<group>"; };
		048F31071E433ECB007B579D /* Base */ = {isa = PBXFileReference; lastKnownFileType = file.storyboard; name = Base; path = Base.lproj/Main.storyboard; sourceTree = "<group>"; };
		048F31091E433ECB007B579D /* Assets.xcassets */ = {isa = PBXFileReference; lastKnownFileType = folder.assetcatalog; path = Assets.xcassets; sourceTree = "<group>"; };
		048F310C1E433ECB007B579D /* Base */ = {isa = PBXFileReference; lastKnownFileType = file.storyboard; name = Base; path = Base.lproj/LaunchScreen.storyboard; sourceTree = "<group>"; };
		048F310E1E433ECB007B579D /* Info.plist */ = {isa = PBXFileReference; lastKnownFileType = text.plist.xml; path = Info.plist; sourceTree = "<group>"; };
/* End PBXFileReference section */

/* Begin PBXFrameworksBuildPhase section */
		048F30FC1E433ECB007B579D /* Frameworks */ = {
			isa = PBXFrameworksBuildPhase;
			buildActionMask = 2147483647;
			files = (
			);
			runOnlyForDeploymentPostprocessing = 0;
		};
/* End PBXFrameworksBuildPhase section */

/* Begin PBXGroup section */
		048F30F61E433ECB007B579D = {
			isa = PBXGroup;
			children = (
				048F31011E433ECB007B579D /* StepByStepRegister */,
				048F31001E433ECB007B579D /* Products */,
			);
			sourceTree = "<group>";
		};
		048F31001E433ECB007B579D /* Products */ = {
			isa = PBXGroup;
			children = (
				048F30FF1E433ECB007B579D /* StepByStepRegister.app */,
			);
			name = Products;
			sourceTree = "<group>";
		};
		048F31011E433ECB007B579D /* StepByStepRegister */ = {
			isa = PBXGroup;
			children = (
				048F31021E433ECB007B579D /* AppDelegate.swift */,
				048F31041E433ECB007B579D /* ViewController.swift */,
				048F31061E433ECB007B579D /* Main.storyboard */,
				048F31091E433ECB007B579D /* Assets.xcassets */,
				048F310B1E433ECB007B579D /* LaunchScreen.storyboard */,
				048F310E1E433ECB007B579D /* Info.plist */,
			);
			path = StepByStepRegister;
			sourceTree = "<group>";
		};
/* End PBXGroup section */

/* Begin PBXNativeTarget section */
		048F30FE1E433ECB007B579D /* StepByStepRegister */ = {
			isa = PBXNativeTarget;
			buildConfigurationList = 048F31111E433ECB007B579D /* Build configuration list for PBXNativeTarget "StepByStepRegister" */;
			buildPhases = (
				048F30FB1E433ECB007B579D /* Sources */,
				048F30FC1E433ECB007B579D /* Frameworks */,
				048F30FD1E433ECB007B579D /* Resources */,
			);
			buildRules = (
			);
			dependencies = (
			);
			name = StepByStepRegister;
			productName = StepByStepRegister;
			productReference = 048F30FF1E433ECB007B579D /* StepByStepRegister.app */;
			productType = "com.apple.product-type.application";
		};
/* End PBXNativeTarget section */

/* Begin PBXProject section */
		048F30F71E433ECB007B579D /* Project object */ = {
			isa = PBXProject;
			attributes = {
				LastSwiftUpdateCheck = 0820;
				LastUpgradeCheck = 0820;
				ORGANIZATIONNAME = Mac;
				TargetAttributes = {
					048F30FE1E433ECB007B579D = {
						CreatedOnToolsVersion = 8.2.1;
						ProvisioningStyle = Automatic;
					};
				};
			};
			buildConfigurationList = 048F30FA1E433ECB007B579D /* Build configuration list for PBXProject "StepByStepRegister" */;
			compatibilityVersion = "Xcode 3.2";
			developmentRegion = English;
			hasScannedForEncodings = 0;
			knownRegions = (
				en,
				Base,
			);
			mainGroup = 048F30F61E433ECB007B579D;
			productRefGroup = 048F31001E433ECB007B579D /* Products */;
			projectDirPath = "";
			projectRoot = "";
			targets = (
				048F30FE1E433ECB007B579D /* StepByStepRegister */,
			);
		};
/* End PBXProject section */

/* Begin PBXResourcesBuildPhase section */
		048F30FD1E433ECB007B579D /* Resources */ = {
			isa = PBXResourcesBuildPhase;
			buildActionMask = 2147483647;
			files = (
				048F310D1E433ECB007B579D /* LaunchScreen.storyboard in Resources */,
				048F310A1E433ECB007B579D /* Assets.xcassets in Resources */,
				048F31081E433ECB007B579D /* Main.storyboard in Resources */,
			);
			runOnlyForDeploymentPostprocessing = 0;
		};
/* End PBXResourcesBuildPhase section */

/* Begin PBXSourcesBuildPhase section */
		048F30FB1E433ECB007B579D /* Sources */ = {
			isa = PBXSourcesBuildPhase;
			buildActionMask = 2147483647;
			files = (
				048F31051E433ECB007B579D /* ViewController.swift in Sources */,
				048F31031E433ECB007B579D /* AppDelegate.swift in Sources */,
			);
			runOnlyForDeploymentPostprocessing = 0;
		};
/* End PBXSourcesBuildPhase section */

/* Begin PBXVariantGroup section */
		048F31061E433ECB007B579D /* Main.storyboard */ = {
			isa = PBXVariantGroup;
			children = (
				048F31071E433ECB007B579D /* Base */,
			);
			name = Main.storyboard;
			sourceTree = "<group>";
		};
		048F310B1E433ECB007B579D /* LaunchScreen.storyboard */ = {
			isa = PBXVariantGroup;
			children = (
				048F310C1E433ECB007B579D /* Base */,
			);
			name = LaunchScreen.storyboard;
			sourceTree = "<group>";
		};
/* End PBXVariantGroup section */

/* Begin XCBuildConfiguration section */
		048F310F1E433ECB007B579D /* Debug */ = {
			isa = XCBuildConfiguration;
			buildSettings = {
				ALWAYS_SEARCH_USER_PATHS = NO;
				CLANG_ANALYZER_NONNULL = YES;
				CLANG_CXX_LANGUAGE_STANDARD = "gnu++0x";
				CLANG_CXX_LIBRARY = "libc++";
				CLANG_ENABLE_MODULES = YES;
				CLANG_ENABLE_OBJC_ARC = YES;
				CLANG_WARN_BOOL_CONVERSION = YES;
				CLANG_WARN_CONSTANT_CONVERSION = YES;
				CLANG_WARN_DIRECT_OBJC_ISA_USAGE = YES_ERROR;
				CLANG_WARN_DOCUMENTATION_COMMENTS = YES;
				CLANG_WARN_EMPTY_BODY = YES;
				CLANG_WARN_ENUM_CONVERSION = YES;
				CLANG_WARN_INFINITE_RECURSION = YES;
				CLANG_WARN_INT_CONVERSION = YES;
				CLANG_WARN_OBJC_ROOT_CLASS = YES_ERROR;
				CLANG_WARN_SUSPICIOUS_MOVE = YES;
				CLANG_WARN_UNREACHABLE_CODE = YES;
				CLANG_WARN__DUPLICATE_METHOD_MATCH = YES;
				"CODE_SIGN_IDENTITY[sdk=iphoneos*]" = "iPhone Developer";
				COPY_PHASE_STRIP = NO;
				DEBUG_INFORMATION_FORMAT = dwarf;
				ENABLE_STRICT_OBJC_MSGSEND = YES;
				ENABLE_TESTABILITY = YES;
				GCC_C_LANGUAGE_STANDARD = gnu99;
				GCC_DYNAMIC_NO_PIC = NO;
				GCC_NO_COMMON_BLOCKS = YES;
				GCC_OPTIMIZATION_LEVEL = 0;
				GCC_PREPROCESSOR_DEFINITIONS = (
					"DEBUG=1",
					"$(inherited)",
				);
				GCC_WARN_64_TO_32_BIT_CONVERSION = YES;
				GCC_WARN_ABOUT_RETURN_TYPE = YES_ERROR;
				GCC_WARN_UNDECLARED_SELECTOR = YES;
				GCC_WARN_UNINITIALIZED_AUTOS = YES_AGGRESSIVE;
				GCC_WARN_UNUSED_FUNCTION = YES;
				GCC_WARN_UNUSED_VARIABLE = YES;
				IPHONEOS_DEPLOYMENT_TARGET = 10.2;
				MTL_ENABLE_DEBUG_INFO = YES;
				ONLY_ACTIVE_ARCH = YES;
				SDKROOT = iphoneos;
				SWIFT_ACTIVE_COMPILATION_CONDITIONS = DEBUG;
				SWIFT_OPTIMIZATION_LEVEL = "-Onone";
				TARGETED_DEVICE_FAMILY = "1,2";
			};
			name = Debug;
		};
		048F31101E433ECB007B579D /* Release */ = {
			isa = XCBuildConfiguration;
			buildSettings = {
				ALWAYS_SEARCH_USER_PATHS = NO;
				CLANG_ANALYZER_NONNULL = YES;
				CLANG_CXX_LANGUAGE_STANDARD = "gnu++0x";
				CLANG_CXX_LIBRARY = "libc++";
				CLANG_ENABLE_MODULES = YES;
				CLANG_ENABLE_OBJC_ARC = YES;
				CLANG_WARN_BOOL_CONVERSION = YES;
				CLANG_WARN_CONSTANT_CONVERSION = YES;
				CLANG_WARN_DIRECT_OBJC_ISA_USAGE = YES_ERROR;
				CLANG_WARN_DOCUMENTATION_COMMENTS = YES;
				CLANG_WARN_EMPTY_BODY = YES;
				CLANG_WARN_ENUM_CONVERSION = YES;
				CLANG_WARN_INFINITE_RECURSION = YES;
				CLANG_WARN_INT_CONVERSION = YES;
				CLANG_WARN_OBJC_ROOT_CLASS = YES_ERROR;
				CLANG_WARN_SUSPICIOUS_MOVE = YES;
				CLANG_WARN_UNREACHABLE_CODE = YES;
				CLANG_WARN__DUPLICATE_METHOD_MATCH = YES;
				"CODE_SIGN_IDENTITY[sdk=iphoneos*]" = "iPhone Developer";
				COPY_PHASE_STRIP = NO;
				DEBUG_INFORMATION_FORMAT = "dwarf-with-dsym";
				ENABLE_NS_ASSERTIONS = NO;
				ENABLE_STRICT_OBJC_MSGSEND = YES;
				GCC_C_LANGUAGE_STANDARD = gnu99;
				GCC_NO_COMMON_BLOCKS = YES;
				GCC_WARN_64_TO_32_BIT_CONVERSION = YES;
				GCC_WARN_ABOUT_RETURN_TYPE = YES_ERROR;
				GCC_WARN_UNDECLARED_SELECTOR = YES;
				GCC_WARN_UNINITIALIZED_AUTOS = YES_AGGRESSIVE;
				GCC_WARN_UNUSED_FUNCTION = YES;
				GCC_WARN_UNUSED_VARIABLE = YES;
				IPHONEOS_DEPLOYMENT_TARGET = 10.2;
				MTL_ENABLE_DEBUG_INFO = NO;
				SDKROOT = iphoneos;
				SWIFT_OPTIMIZATION_LEVEL = "-Owholemodule";
				TARGETED_DEVICE_FAMILY = "1,2";
				VALIDATE_PRODUCT = YES;
			};
			name = Release;
		};
		048F31121E433ECB007B579D /* Debug */ = {
			isa = XCBuildConfiguration;
			buildSettings = {
				ASSETCATALOG_COMPILER_APPICON_NAME = AppIcon;
				INFOPLIST_FILE = StepByStepRegister/Info.plist;
				LD_RUNPATH_SEARCH_PATHS = "$(inherited) @executable_path/Frameworks";
				PRODUCT_BUNDLE_IDENTIFIER = com.sunnylee945.StepByStepRegister;
				PRODUCT_NAME = "$(TARGET_NAME)";
				SWIFT_VERSION = 3.0;
			};
			name = Debug;
		};
		048F31131E433ECB007B579D /* Release */ = {
			isa = XCBuildConfiguration;
			buildSettings = {
				ASSETCATALOG_COMPILER_APPICON_NAME = AppIcon;
				INFOPLIST_FILE = StepByStepRegister/Info.plist;
				LD_RUNPATH_SEARCH_PATHS = "$(inherited) @executable_path/Frameworks";
				PRODUCT_BUNDLE_IDENTIFIER = com.sunnylee945.StepByStepRegister;
				PRODUCT_NAME = "$(TARGET_NAME)";
				SWIFT_VERSION = 3.0;
			};
			name = Release;
		};
/* End XCBuildConfiguration section */

/* Begin XCConfigurationList section */
		048F30FA1E433ECB007B579D /* Build configuration list for PBXProject "StepByStepRegister" */ = {
			isa = XCConfigurationList;
			buildConfigurations = (
				048F310F1E433ECB007B579D /* Debug */,
				048F31101E433ECB007B579D /* Release */,
			);
			defaultConfigurationIsVisible = 0;
			defaultConfigurationName = Release;
		};
		048F31111E433ECB007B579D /* Build configuration list for PBXNativeTarget "StepByStepRegister" */ = {
			isa = XCConfigurationList;
			buildConfigurations = (
				048F31121E433ECB007B579D /* Debug */,
				048F31131E433ECB007B579D /* Release */,
			);
			defaultConfigurationIsVisible = 0;
		};
/* End XCConfigurationList section */
	};
	rootObject = 048F30F71E433ECB007B579D /* Project object */;
}
